
Microsoft Visual Studio Solution File, Format Version 12.00
# Visual Studio Version 17
VisualStudioVersion = 17.0.31903.59
MinimumVisualStudioVersion = 10.0.40219.1
Project("{FAE04EC0-301F-11D3-BF4B-00C04F79EFBC}") = "Cosmos.Domain", "Cosmos.Domain\Cosmos.Domain.csproj", "{0C81774E-AFD6-4873-B82C-1ACDDDF05C7A}"
EndProject
Project("{FAE04EC0-301F-11D3-BF4B-00C04F79EFBC}") = "Cosmos.Infrastructure", "Cosmos.Infrastructure\Cosmos.Infrastructure.csproj", "{1474740B-B3D8-46E1-9B8B-5754A4B41808}"
EndProject
Project("{FAE04EC0-301F-11D3-BF4B-00C04F79EFBC}") = "Cosmos.Application", "Cosmos.Application\Cosmos.Application.csproj", "{B3AB5A47-88B1-4144-8161-625F4BC964A1}"
EndProject
Project("{FAE04EC0-301F-11D3-BF4B-00C04F79EFBC}") = "Cosmos.API", "Cosmos.API\Cosmos.API.csproj", "{2ADB6BBE-6BE7-4F80-807C-B729AE5F77A5}"
EndProject
Project("{FAE04EC0-301F-11D3-BF4B-00C04F79EFBC}") = "Cosmos.IOC", "Cosmos.IOC\Cosmos.IOC.csproj", "{1725EA20-E458-416F-A96A-E4C910ED97D8}"
EndProject
Project("{FAE04EC0-301F-11D3-BF4B-00C04F79EFBC}") = "Cosmos.Test", "Cosmos.Test\Cosmos.Test.csproj", "{C440E535-EF7D-4828-B8D1-33F2354D9126}"
EndProject
Global
	GlobalSection(SolutionConfigurationPlatforms) = preSolution
		Debug|Any CPU = Debug|Any CPU
		Release|Any CPU = Release|Any CPU
	EndGlobalSection
	GlobalSection(SolutionProperties) = preSolution
		HideSolutionNode = FALSE
	EndGlobalSection
	GlobalSection(ProjectConfigurationPlatforms) = postSolution
		{0C81774E-AFD6-4873-B82C-1ACDDDF05C7A}.Debug|Any CPU.ActiveCfg = Debug|Any CPU
		{0C81774E-AFD6-4873-B82C-1ACDDDF05C7A}.Debug|Any CPU.Build.0 = Debug|Any CPU
		{0C81774E-AFD6-4873-B82C-1ACDDDF05C7A}.Release|Any CPU.ActiveCfg = Release|Any CPU
		{0C81774E-AFD6-4873-B82C-1ACDDDF05C7A}.Release|Any CPU.Build.0 = Release|Any CPU
		{1474740B-B3D8-46E1-9B8B-5754A4B41808}.Debug|Any CPU.ActiveCfg = Debug|Any CPU
		{1474740B-B3D8-46E1-9B8B-5754A4B41808}.Debug|Any CPU.Build.0 = Debug|Any CPU
		{1474740B-B3D8-46E1-9B8B-5754A4B41808}.Release|Any CPU.ActiveCfg = Release|Any CPU
		{1474740B-B3D8-46E1-9B8B-5754A4B41808}.Release|Any CPU.Build.0 = Release|Any CPU
		{B3AB5A47-88B1-4144-8161-625F4BC964A1}.Debug|Any CPU.ActiveCfg = Debug|Any CPU
		{B3AB5A47-88B1-4144-8161-625F4BC964A1}.Debug|Any CPU.Build.0 = Debug|Any CPU
		{B3AB5A47-88B1-4144-8161-625F4BC964A1}.Release|Any CPU.ActiveCfg = Release|Any CPU
		{B3AB5A47-88B1-4144-8161-625F4BC964A1}.Release|Any CPU.Build.0 = Release|Any CPU
		{2ADB6BBE-6BE7-4F80-807C-B729AE5F77A5}.Debug|Any CPU.ActiveCfg = Debug|Any CPU
		{2ADB6BBE-6BE7-4F80-807C-B729AE5F77A5}.Debug|Any CPU.Build.0 = Debug|Any CPU
		{2ADB6BBE-6BE7-4F80-807C-B729AE5F77A5}.Release|Any CPU.ActiveCfg = Release|Any CPU
		{2ADB6BBE-6BE7-4F80-807C-B729AE5F77A5}.Release|Any CPU.Build.0 = Release|Any CPU
		{1725EA20-E458-416F-A96A-E4C910ED97D8}.Debug|Any CPU.ActiveCfg = Debug|Any CPU
		{1725EA20-E458-416F-A96A-E4C910ED97D8}.Debug|Any CPU.Build.0 = Debug|Any CPU
		{1725EA20-E458-416F-A96A-E4C910ED97D8}.Release|Any CPU.ActiveCfg = Release|Any CPU
		{1725EA20-E458-416F-A96A-E4C910ED97D8}.Release|Any CPU.Build.0 = Release|Any CPU
		{C440E535-EF7D-4828-B8D1-33F2354D9126}.Debug|Any CPU.ActiveCfg = Debug|Any CPU
		{C440E535-EF7D-4828-B8D1-33F2354D9126}.Debug|Any CPU.Build.0 = Debug|Any CPU
		{C440E535-EF7D-4828-B8D1-33F2354D9126}.Release|Any CPU.ActiveCfg = Release|Any CPU
		{C440E535-EF7D-4828-B8D1-33F2354D9126}.Release|Any CPU.Build.0 = Release|Any CPU
	EndGlobalSection
EndGlobal
